
Microsoft Visual Studio Solution File, Format Version 12.00
# Visual Studio Version 17
VisualStudioVersion = 17.7.34024.191
MinimumVisualStudioVersion = 10.0.40219.1
Project("{FAE04EC0-301F-11D3-BF4B-00C04F79EFBC}") = "cinemaApp", "cinemaApp\cinemaApp.csproj", "{8A00BFB2-837A-489F-80B0-44D1F2AFAD8E}"
EndProject
Global
	GlobalSection(SolutionConfigurationPlatforms) = preSolution
		Debug|Any CPU = Debug|Any CPU
		Release|Any CPU = Release|Any CPU
	EndGlobalSection
	GlobalSection(ProjectConfigurationPlatforms) = postSolution
		{8A00BFB2-837A-489F-80B0-44D1F2AFAD8E}.Debug|Any CPU.ActiveCfg = Debug|Any CPU
		{8A00BFB2-837A-489F-80B0-44D1F2AFAD8E}.Debug|Any CPU.Build.0 = Debug|Any CPU
		{8A00BFB2-837A-489F-80B0-44D1F2AFAD8E}.Release|Any CPU.ActiveCfg = Release|Any CPU
		{8A00BFB2-837A-489F-80B0-44D1F2AFAD8E}.Release|Any CPU.Build.0 = Release|Any CPU
	EndGlobalSection
	GlobalSection(SolutionProperties) = preSolution
		HideSolutionNode = FALSE
	EndGlobalSection
	GlobalSection(ExtensibilityGlobals) = postSolution
		SolutionGuid = {03E9A06C-81BE-442D-A2DB-02B5410106D8}
	EndGlobalSection
EndGlobal
